
Microsoft Visual Studio Solution File, Format Version 12.00
# Visual Studio Version 16
VisualStudioVersion = 16.0.30204.135
MinimumVisualStudioVersion = 10.0.40219.1
Project("{9A19103F-16F7-4668-BE54-9A1E7A4F7556}") = "RaftServer", "RaftServer\RaftServer.csproj", "{5DED1B21-E47B-4A6E-A14E-9C5241C7F3D1}"
EndProject
Project("{9A19103F-16F7-4668-BE54-9A1E7A4F7556}") = "RUtil.RTcp", "RUtil.RTcp\RUtil.RTcp.csproj", "{4637924B-4187-464A-959B-88C352E8DEEB}"
EndProject
Project("{9A19103F-16F7-4668-BE54-9A1E7A4F7556}") = "TestRaft", "TestRaft\TestRaft.csproj", "{357EFCC3-401B-403E-A1ED-8ED20DB4D08A}"
	ProjectSection(ProjectDependencies) = postProject
		{5DED1B21-E47B-4A6E-A14E-9C5241C7F3D1} = {5DED1B21-E47B-4A6E-A14E-9C5241C7F3D1}
		{4637924B-4187-464A-959B-88C352E8DEEB} = {4637924B-4187-464A-959B-88C352E8DEEB}
	EndProjectSection
EndProject
Global
	GlobalSection(SolutionConfigurationPlatforms) = preSolution
		Debug|Any CPU = Debug|Any CPU
		Release|Any CPU = Release|Any CPU
	EndGlobalSection
	GlobalSection(ProjectConfigurationPlatforms) = postSolution
		{5DED1B21-E47B-4A6E-A14E-9C5241C7F3D1}.Debug|Any CPU.ActiveCfg = Debug|Any CPU
		{5DED1B21-E47B-4A6E-A14E-9C5241C7F3D1}.Debug|Any CPU.Build.0 = Debug|Any CPU
		{5DED1B21-E47B-4A6E-A14E-9C5241C7F3D1}.Release|Any CPU.ActiveCfg = Release|Any CPU
		{5DED1B21-E47B-4A6E-A14E-9C5241C7F3D1}.Release|Any CPU.Build.0 = Release|Any CPU
		{4637924B-4187-464A-959B-88C352E8DEEB}.Debug|Any CPU.ActiveCfg = Debug|Any CPU
		{4637924B-4187-464A-959B-88C352E8DEEB}.Debug|Any CPU.Build.0 = Debug|Any CPU
		{4637924B-4187-464A-959B-88C352E8DEEB}.Release|Any CPU.ActiveCfg = Release|Any CPU
		{4637924B-4187-464A-959B-88C352E8DEEB}.Release|Any CPU.Build.0 = Release|Any CPU
		{357EFCC3-401B-403E-A1ED-8ED20DB4D08A}.Debug|Any CPU.ActiveCfg = Debug|Any CPU
		{357EFCC3-401B-403E-A1ED-8ED20DB4D08A}.Debug|Any CPU.Build.0 = Debug|Any CPU
		{357EFCC3-401B-403E-A1ED-8ED20DB4D08A}.Release|Any CPU.ActiveCfg = Release|Any CPU
		{357EFCC3-401B-403E-A1ED-8ED20DB4D08A}.Release|Any CPU.Build.0 = Release|Any CPU
	EndGlobalSection
	GlobalSection(SolutionProperties) = preSolution
		HideSolutionNode = FALSE
	EndGlobalSection
	GlobalSection(ExtensibilityGlobals) = postSolution
		SolutionGuid = {76ABB559-C642-4C23-970F-5B882B70E026}
	EndGlobalSection
EndGlobal
